{
  "name": "notes",
  "version": "0.1.0",
  "lockfileVersion": 3,
  "requires": true,
  "packages": {
    "": {
      "name": "notes",
      "version": "0.1.0",
      "dependencies": {
        "@types/node": "^20.10.5",
        "@types/react": "^18.2.45",
        "@types/react-dom": "^18.2.18",
        "@types/sqlite3": "^3.1.8",
        "autoprefixer": "^10.4.16",
        "date-fns": "^3.3.1",
        "next": "14.0.0",
        "postcss": "^8.4.32",
        "react": "^18.2.0",
        "react-dom": "^18.2.0",
        "reflect-metadata": "^0.1.13",
        "sqlite3": "^5.1.6",
        "tailwindcss": "^3.4.0",
        "typeorm": "^0.3.19",
        "typescript": "^5.3.2"
      }
    }
  }
}
